
Microsoft Visual Studio Solution File, Format Version 12.00
# Visual Studio 15
VisualStudioVersion = 15.0.27703.2000
MinimumVisualStudioVersion = 10.0.40219.1
Project("{FAE04EC0-301F-11D3-BF4B-00C04F79EFBC}") = "ForDB", "ForDB\ForDB.csproj", "{ED363B16-5331-41A4-9FEF-5178A69871E4}"
EndProject
Global
	GlobalSection(SolutionConfigurationPlatforms) = preSolution
		Debug|Any CPU = Debug|Any CPU
		Release|Any CPU = Release|Any CPU
	EndGlobalSection
	GlobalSection(ProjectConfigurationPlatforms) = postSolution
		{ED363B16-5331-41A4-9FEF-5178A69871E4}.Debug|Any CPU.ActiveCfg = Debug|Any CPU
		{ED363B16-5331-41A4-9FEF-5178A69871E4}.Debug|Any CPU.Build.0 = Debug|Any CPU
		{ED363B16-5331-41A4-9FEF-5178A69871E4}.Release|Any CPU.ActiveCfg = Release|Any CPU
		{ED363B16-5331-41A4-9FEF-5178A69871E4}.Release|Any CPU.Build.0 = Release|Any CPU
	EndGlobalSection
	GlobalSection(SolutionProperties) = preSolution
		HideSolutionNode = FALSE
	EndGlobalSection
	GlobalSection(ExtensibilityGlobals) = postSolution
		SolutionGuid = {47F62867-F9BD-4C5F-8E10-9B46D249286E}
	EndGlobalSection
EndGlobal
